dependencies:
- name: mysql
  repository: https://charts.bitnami.com/bitnami
  version: 8.2.3
- name: redis
  repository: https://charts.bitnami.com/bitnami
  version: 12.3.2
- name: postgresql
  repository: https://charts.bitnami.com/bitnami
  version: 10.2.1
- name: mongodb
  repository: https://charts.bitnami.com/bitnami
  version: 10.3.4
- name: mariadb
  repository: https://charts.bitnami.com/bitnami
  version: 9.2.0
digest: sha256:d0f092b525d99c68f4888d21843d5a10b7f1fe611b8873cec9fdaef921e6c44d
generated: "2021-01-07T16:43:18.473069166Z"
